
Microsoft Visual Studio Solution File, Format Version 12.00
# Visual Studio Version 17
VisualStudioVersion = 17.3.32929.385
MinimumVisualStudioVersion = 10.0.40219.1
Project("{FAE04EC0-301F-11D3-BF4B-00C04F79EFBC}") = "GraphQl", "GraphQl\GraphQl.csproj", "{5FAB0B07-C5FF-482B-AA21-CA355ED21372}"
EndProject
Project("{FAE04EC0-301F-11D3-BF4B-00C04F79EFBC}") = "DataBase", "..\DataBase\DataBase.csproj", "{1965A67E-554F-477A-9166-C5F21F7AC230}"
EndProject
Project("{FAE04EC0-301F-11D3-BF4B-00C04F79EFBC}") = "Services", "..\Services\Services.csproj", "{491CDBAC-353C-48B8-99D1-9F7EDDC010D6}"
EndProject
Global
	GlobalSection(SolutionConfigurationPlatforms) = preSolution
		Debug|Any CPU = Debug|Any CPU
		Release|Any CPU = Release|Any CPU
	EndGlobalSection
	GlobalSection(ProjectConfigurationPlatforms) = postSolution
		{5FAB0B07-C5FF-482B-AA21-CA355ED21372}.Debug|Any CPU.ActiveCfg = Debug|Any CPU
		{5FAB0B07-C5FF-482B-AA21-CA355ED21372}.Debug|Any CPU.Build.0 = Debug|Any CPU
		{5FAB0B07-C5FF-482B-AA21-CA355ED21372}.Release|Any CPU.ActiveCfg = Release|Any CPU
		{5FAB0B07-C5FF-482B-AA21-CA355ED21372}.Release|Any CPU.Build.0 = Release|Any CPU
		{1965A67E-554F-477A-9166-C5F21F7AC230}.Debug|Any CPU.ActiveCfg = Debug|Any CPU
		{1965A67E-554F-477A-9166-C5F21F7AC230}.Debug|Any CPU.Build.0 = Debug|Any CPU
		{1965A67E-554F-477A-9166-C5F21F7AC230}.Release|Any CPU.ActiveCfg = Release|Any CPU
		{1965A67E-554F-477A-9166-C5F21F7AC230}.Release|Any CPU.Build.0 = Release|Any CPU
		{491CDBAC-353C-48B8-99D1-9F7EDDC010D6}.Debug|Any CPU.ActiveCfg = Debug|Any CPU
		{491CDBAC-353C-48B8-99D1-9F7EDDC010D6}.Debug|Any CPU.Build.0 = Debug|Any CPU
		{491CDBAC-353C-48B8-99D1-9F7EDDC010D6}.Release|Any CPU.ActiveCfg = Release|Any CPU
		{491CDBAC-353C-48B8-99D1-9F7EDDC010D6}.Release|Any CPU.Build.0 = Release|Any CPU
	EndGlobalSection
	GlobalSection(SolutionProperties) = preSolution
		HideSolutionNode = FALSE
	EndGlobalSection
	GlobalSection(ExtensibilityGlobals) = postSolution
		SolutionGuid = {14DC58DD-5E0A-4E58-8B2A-7B1E1E39260D}
	EndGlobalSection
EndGlobal
